{
  "name": "DSN-From-Template",
  "lockfileVersion": 3,
  "requires": true,
  "packages": {
    "": {
      "dependencies": {
        "smplr": "^0.16.4"
      }
    },
    "node_modules/smplr": {
      "version": "0.16.4",
      "resolved": "https://registry.npmjs.org/smplr/-/smplr-0.16.4.tgz",
      "integrity": "sha512-huIW2uSAuHTqjqCf2sqg3q03q/y1D1fhj2fR5jkP/u3cakbB5bMTk1z7SCdN45G5DRakrWwtUPcovsfMpeNr1w==",
      "license": "MIT",
      "engines": {
        "node": ">=14.0.0"
      }
    }
  }
}
